# THIS IS AN AUTOGENERATED FILE. DO NOT EDIT THIS FILE DIRECTLY.
# yarn lockfile v1


"@types/fluent-ffmpeg@^2.1.14":
  version "2.1.14"
  resolved "https://registry.yarnpkg.com/@types/fluent-ffmpeg/-/fluent-ffmpeg-2.1.14.tgz#b21d60267fe269c2ea81fa3238a36a8349f8f2f3"
  integrity sha512-nJrAX9ODNI7mUB0b7Y0Stx1a6dOpV3zXsOnWoBuEd9/woQhepBNCMeCyOL6SLJD3jn5sLw5ciDGH0RwJenCoag==
  dependencies:
    "@types/node" "*"

"@types/fs-extra@^9.0.1":
  version "9.0.1"
  resolved "https://registry.yarnpkg.com/@types/fs-extra/-/fs-extra-9.0.1.tgz#91c8fc4c51f6d5dbe44c2ca9ab09310bd00c7918"
  integrity sha512-B42Sxuaz09MhC3DDeW5kubRcQ5by4iuVQ0cRRWM2lggLzAa/KVom0Aft/208NgMvNQQZ86s5rVcqDdn/SH0/mg==
  dependencies:
    "@types/node" "*"

"@types/node@*", "@types/node@^14.0.27":
  version "14.6.0"
  resolved "https://registry.yarnpkg.com/@types/node/-/node-14.6.0.tgz#7d4411bf5157339337d7cff864d9ff45f177b499"
  integrity sha512-mikldZQitV94akrc4sCcSjtJfsTKt4p+e/s0AGscVA6XArQ9kFclP+ZiYUMnq987rc6QlYxXv/EivqlfSLxpKA==

async@>=0.2.9:
  version "3.2.0"
  resolved "https://registry.yarnpkg.com/async/-/async-3.2.0.tgz#b3a2685c5ebb641d3de02d161002c60fc9f85720"
  integrity sha512-TR2mEZFVOj2pLStYxLht7TyfuRzaydfpxr3k9RpHIzMgw7A64dzsdqCxH1WJyQdoe8T10nDXd9wnEigmiuHIZw==

at-least-node@^1.0.0:
  version "1.0.0"
  resolved "https://registry.yarnpkg.com/at-least-node/-/at-least-node-1.0.0.tgz#602cd4b46e844ad4effc92a8011a3c46e0238dc2"
  integrity sha512-+q/t7Ekv1EDY2l6Gda6LLiX14rU9TV20Wa3ofeQmwPFZbOMo9DXrLbOjFaaclkXKWidIaopwAObQDqwWtGUjqg==

axios@^0.19.2:
  version "0.19.2"
  resolved "https://registry.yarnpkg.com/axios/-/axios-0.19.2.tgz#3ea36c5d8818d0d5f8a8a97a6d36b86cdc00cb27"
  integrity sha512-fjgm5MvRHLhx+osE2xoekY70AhARk3a6hkN+3Io1jc00jtquGvxYlKlsFUhmUET0V5te6CcZI7lcv2Ym61mjHA==
  dependencies:
    follow-redirects "1.5.10"

crypto-js@^3.1.9-1:
  version "3.3.0"
  resolved "https://registry.yarnpkg.com/crypto-js/-/crypto-js-3.3.0.tgz#846dd1cce2f68aacfa156c8578f926a609b7976b"
  integrity sha512-DIT51nX0dCfKltpRiXV+/TVZq+Qq2NgF4644+K7Ttnla7zEzqc+kjJyiB96BHNyUTBxyjzRcZYpUdZa+QAqi6Q==

debug@=3.1.0:
  version "3.1.0"
  resolved "https://registry.yarnpkg.com/debug/-/debug-3.1.0.tgz#5bb5a0672628b64149566ba16819e61518c67261"
  integrity sha512-OX8XqP7/1a9cqkxYw2yXss15f26NKWBpDXQd0/uK/KPqdQhxbPa994hnzjcE2VqQpDslf55723cKPUOGSmMY3g==
  dependencies:
    ms "2.0.0"

fluent-ffmpeg@^2.1.2:
  version "2.1.2"
  resolved "https://registry.yarnpkg.com/fluent-ffmpeg/-/fluent-ffmpeg-2.1.2.tgz#c952de2240f812ebda0aa8006d7776ee2acf7d74"
  integrity sha1-yVLeIkD4EuvaCqgAbXd27irPfXQ=
  dependencies:
    async ">=0.2.9"
    which "^1.1.1"

follow-redirects@1.5.10:
  version "1.5.10"
  resolved "https://registry.yarnpkg.com/follow-redirects/-/follow-redirects-1.5.10.tgz#7b7a9f9aea2fdff36786a94ff643ed07f4ff5e2a"
  integrity sha512-0V5l4Cizzvqt5D44aTXbFZz+FtyXV1vrDN6qrelxtfYQKW0KO0W2T/hkE8xvGa/540LkZlkaUjO4ailYTFtHVQ==
  dependencies:
    debug "=3.1.0"

fs-extra@^9.0.1:
  version "9.0.1"
  resolved "https://registry.yarnpkg.com/fs-extra/-/fs-extra-9.0.1.tgz#910da0062437ba4c39fedd863f1675ccfefcb9fc"
  integrity sha512-h2iAoN838FqAFJY2/qVpzFXy+EBxfVE220PalAqQLDVsFOHLJrZvut5puAbCdNv6WJk+B8ihI+k0c7JK5erwqQ==
  dependencies:
    at-least-node "^1.0.0"
    graceful-fs "^4.2.0"
    jsonfile "^6.0.1"
    universalify "^1.0.0"

graceful-fs@^4.1.6, graceful-fs@^4.2.0:
  version "4.2.4"
  resolved "https://registry.yarnpkg.com/graceful-fs/-/graceful-fs-4.2.4.tgz#2256bde14d3632958c465ebc96dc467ca07a29fb"
  integrity sha512-WjKPNJF79dtJAVniUlGGWHYGz2jWxT6VhN/4m1NdkbZ2nOsEF+cI1Edgql5zCRhs/VsQYRvrXctxktVXZUkixw==

isexe@^2.0.0:
  version "2.0.0"
  resolved "https://registry.yarnpkg.com/isexe/-/isexe-2.0.0.tgz#e8fbf374dc556ff8947a10dcb0572d633f2cfa10"
  integrity sha1-6PvzdNxVb/iUehDcsFctYz8s+hA=

jsonfile@^6.0.1:
  version "6.0.1"
  resolved "https://registry.yarnpkg.com/jsonfile/-/jsonfile-6.0.1.tgz#98966cba214378c8c84b82e085907b40bf614179"
  integrity sha512-jR2b5v7d2vIOust+w3wtFKZIfpC2pnRmFAhAC/BuweZFQR8qZzxH1OyrQ10HmdVYiXWkYUqPVsz91cG7EL2FBg==
  dependencies:
    universalify "^1.0.0"
  optionalDependencies:
    graceful-fs "^4.1.6"

log4node@^0.1.6:
  version "0.1.6"
  resolved "https://registry.yarnpkg.com/log4node/-/log4node-0.1.6.tgz#37e318f1a788bfd3ed06c45c24c1cd59f2374a23"
  integrity sha1-N+MY8aeIv9PtBsRcJMHNWfI3SiM=

ms@2.0.0:
  version "2.0.0"
  resolved "https://registry.yarnpkg.com/ms/-/ms-2.0.0.tgz#5608aeadfc00be6c2901df5f9861788de0d597c8"
  integrity sha1-VgiurfwAvmwpAd9fmGF4jeDVl8g=

subtitle@^2.0.3:
  version "2.0.3"
  resolved "https://registry.yarnpkg.com/subtitle/-/subtitle-2.0.3.tgz#1fed16180273e60dc4be320ecc8ec2f90a51a28d"
  integrity sha512-NAQVYcWOGky/zEv37EGaTk6VK3WmD3m9JGILLcoh2YTAnXTcVhvNilAWPcqVKtWhmi3zYOBLSGa+3ufetLFrsA==
  dependencies:
    zero-fill "^2.2.3"

universalify@^1.0.0:
  version "1.0.0"
  resolved "https://registry.yarnpkg.com/universalify/-/universalify-1.0.0.tgz#b61a1da173e8435b2fe3c67d29b9adf8594bd16d"
  integrity sha512-rb6X1W158d7pRQBg5gkR8uPaSfiids68LTJQYOtEUhoJUWBdaQHsuT/EUduxXYxcrt4r5PJ4fuHW1MHT6p0qug==

which@^1.1.1:
  version "1.3.1"
  resolved "https://registry.yarnpkg.com/which/-/which-1.3.1.tgz#a45043d54f5805316da8d62f9f50918d3da70b0a"
  integrity sha512-HxJdYWq1MTIQbJ3nw0cqssHoTNU267KlrDuGZ1WYlxDStUtKUhOaJmh112/TZmHxxUfuJqPXSOm7tDyas0OSIQ==
  dependencies:
    isexe "^2.0.0"

ws@^7.1.2:
  version "7.3.1"
  resolved "https://registry.yarnpkg.com/ws/-/ws-7.3.1.tgz#d0547bf67f7ce4f12a72dfe31262c68d7dc551c8"
  integrity sha512-D3RuNkynyHmEJIpD2qrgVkc9DQ23OrN/moAwZX4L8DfvszsJxpjQuUq3LMx6HoYji9fbIOBY18XWBsAux1ZZUA==

zero-fill@^2.2.3:
  version "2.2.4"
  resolved "https://registry.yarnpkg.com/zero-fill/-/zero-fill-2.2.4.tgz#b041320973dbcb03cd90193270ac8d4a3da05fc1"
  integrity sha512-/N5GEDauLHz2uGnuJXWO1Wfib4EC+q4yp9C1jojM7RubwEKADqIqMcYpETMm1lRop403fi3v1qTOdgDE8DIOdw==
